
Microsoft Visual Studio Solution File, Format Version 12.00
# Visual Studio Version 16
VisualStudioVersion = 16.0.30011.22
MinimumVisualStudioVersion = 10.0.40219.1
Project("{9A19103F-16F7-4668-BE54-9A1E7A4F7556}") = "IoTPetFeederDataManager", "IoTPetFeederDataManager\IoTPetFeederDataManager.csproj", "{0B418E65-59CC-4F4F-A5EE-B32D58AEC187}"
EndProject
Global
	GlobalSection(SolutionConfigurationPlatforms) = preSolution
		Debug|Any CPU = Debug|Any CPU
		Release|Any CPU = Release|Any CPU
	EndGlobalSection
	GlobalSection(ProjectConfigurationPlatforms) = postSolution
		{0B418E65-59CC-4F4F-A5EE-B32D58AEC187}.Debug|Any CPU.ActiveCfg = Debug|Any CPU
		{0B418E65-59CC-4F4F-A5EE-B32D58AEC187}.Debug|Any CPU.Build.0 = Debug|Any CPU
		{0B418E65-59CC-4F4F-A5EE-B32D58AEC187}.Release|Any CPU.ActiveCfg = Release|Any CPU
		{0B418E65-59CC-4F4F-A5EE-B32D58AEC187}.Release|Any CPU.Build.0 = Release|Any CPU
	EndGlobalSection
	GlobalSection(SolutionProperties) = preSolution
		HideSolutionNode = FALSE
	EndGlobalSection
	GlobalSection(ExtensibilityGlobals) = postSolution
		SolutionGuid = {F616DEFC-A014-4C3A-8D1E-CF15DC014F33}
	EndGlobalSection
EndGlobal
